
Microsoft Visual Studio Solution File, Format Version 12.00
# Visual Studio Version 16
VisualStudioVersion = 16.0.30517.126
MinimumVisualStudioVersion = 10.0.40219.1
Project("{FAE04EC0-301F-11D3-BF4B-00C04F79EFBC}") = "ConsoleApp2", "ConsoleApp2\ConsoleApp2.csproj", "{3EB7107C-CEE3-4585-BF98-61BB2C713F45}"
EndProject
Global
	GlobalSection(SolutionConfigurationPlatforms) = preSolution
		Debug|Any CPU = Debug|Any CPU
		Release|Any CPU = Release|Any CPU
	EndGlobalSection
	GlobalSection(ProjectConfigurationPlatforms) = postSolution
		{3EB7107C-CEE3-4585-BF98-61BB2C713F45}.Debug|Any CPU.ActiveCfg = Debug|Any CPU
		{3EB7107C-CEE3-4585-BF98-61BB2C713F45}.Debug|Any CPU.Build.0 = Debug|Any CPU
		{3EB7107C-CEE3-4585-BF98-61BB2C713F45}.Release|Any CPU.ActiveCfg = Release|Any CPU
		{3EB7107C-CEE3-4585-BF98-61BB2C713F45}.Release|Any CPU.Build.0 = Release|Any CPU
	EndGlobalSection
	GlobalSection(SolutionProperties) = preSolution
		HideSolutionNode = FALSE
	EndGlobalSection
	GlobalSection(ExtensibilityGlobals) = postSolution
		SolutionGuid = {468FBDC1-FA5B-4B75-ABAD-DADF9404F398}
	EndGlobalSection
EndGlobal
