
Microsoft Visual Studio Solution File, Format Version 12.00
# Visual Studio Version 16
VisualStudioVersion = 16.0.30517.126
MinimumVisualStudioVersion = 10.0.40219.1
Project("{FAE04EC0-301F-11D3-BF4B-00C04F79EFBC}") = "ConsoleApp3", "ConsoleApp3\ConsoleApp3.csproj", "{18406B61-6E14-42CF-BAB7-FA398861D59D}"
EndProject
Global
	GlobalSection(SolutionConfigurationPlatforms) = preSolution
		Debug|Any CPU = Debug|Any CPU
		Release|Any CPU = Release|Any CPU
	EndGlobalSection
	GlobalSection(ProjectConfigurationPlatforms) = postSolution
		{18406B61-6E14-42CF-BAB7-FA398861D59D}.Debug|Any CPU.ActiveCfg = Debug|Any CPU
		{18406B61-6E14-42CF-BAB7-FA398861D59D}.Debug|Any CPU.Build.0 = Debug|Any CPU
		{18406B61-6E14-42CF-BAB7-FA398861D59D}.Release|Any CPU.ActiveCfg = Release|Any CPU
		{18406B61-6E14-42CF-BAB7-FA398861D59D}.Release|Any CPU.Build.0 = Release|Any CPU
	EndGlobalSection
	GlobalSection(SolutionProperties) = preSolution
		HideSolutionNode = FALSE
	EndGlobalSection
	GlobalSection(ExtensibilityGlobals) = postSolution
		SolutionGuid = {C6F99253-5C0E-4F1A-A944-390A14B90BBF}
	EndGlobalSection
EndGlobal
