
Microsoft Visual Studio Solution File, Format Version 12.00
# Visual Studio Version 16
VisualStudioVersion = 16.0.30517.126
MinimumVisualStudioVersion = 10.0.40219.1
Project("{FAE04EC0-301F-11D3-BF4B-00C04F79EFBC}") = "verwachte lengte oef 11", "verwachte lengte oef 11\verwachte lengte oef 11.csproj", "{DA5F0CCA-F6FE-4595-91EB-FB7149187167}"
EndProject
Global
	GlobalSection(SolutionConfigurationPlatforms) = preSolution
		Debug|Any CPU = Debug|Any CPU
		Release|Any CPU = Release|Any CPU
	EndGlobalSection
	GlobalSection(ProjectConfigurationPlatforms) = postSolution
		{DA5F0CCA-F6FE-4595-91EB-FB7149187167}.Debug|Any CPU.ActiveCfg = Debug|Any CPU
		{DA5F0CCA-F6FE-4595-91EB-FB7149187167}.Debug|Any CPU.Build.0 = Debug|Any CPU
		{DA5F0CCA-F6FE-4595-91EB-FB7149187167}.Release|Any CPU.ActiveCfg = Release|Any CPU
		{DA5F0CCA-F6FE-4595-91EB-FB7149187167}.Release|Any CPU.Build.0 = Release|Any CPU
	EndGlobalSection
	GlobalSection(SolutionProperties) = preSolution
		HideSolutionNode = FALSE
	EndGlobalSection
	GlobalSection(ExtensibilityGlobals) = postSolution
		SolutionGuid = {FF32D486-15A2-482D-A514-46F0ED99EDB6}
	EndGlobalSection
EndGlobal
