
Microsoft Visual Studio Solution File, Format Version 12.00
# Visual Studio Version 16
VisualStudioVersion = 16.0.30517.126
MinimumVisualStudioVersion = 10.0.40219.1
Project("{FAE04EC0-301F-11D3-BF4B-00C04F79EFBC}") = "oefening vlucht", "oefening vlucht\oefening vlucht.csproj", "{E831F1B1-8CC2-4E55-B9E1-95815ACD4916}"
EndProject
Global
	GlobalSection(SolutionConfigurationPlatforms) = preSolution
		Debug|Any CPU = Debug|Any CPU
		Release|Any CPU = Release|Any CPU
	EndGlobalSection
	GlobalSection(ProjectConfigurationPlatforms) = postSolution
		{E831F1B1-8CC2-4E55-B9E1-95815ACD4916}.Debug|Any CPU.ActiveCfg = Debug|Any CPU
		{E831F1B1-8CC2-4E55-B9E1-95815ACD4916}.Debug|Any CPU.Build.0 = Debug|Any CPU
		{E831F1B1-8CC2-4E55-B9E1-95815ACD4916}.Release|Any CPU.ActiveCfg = Release|Any CPU
		{E831F1B1-8CC2-4E55-B9E1-95815ACD4916}.Release|Any CPU.Build.0 = Release|Any CPU
	EndGlobalSection
	GlobalSection(SolutionProperties) = preSolution
		HideSolutionNode = FALSE
	EndGlobalSection
	GlobalSection(ExtensibilityGlobals) = postSolution
		SolutionGuid = {05246549-5867-4043-A069-0A3D2E518AB4}
	EndGlobalSection
EndGlobal
