
Microsoft Visual Studio Solution File, Format Version 12.00
# Visual Studio Version 16
VisualStudioVersion = 16.0.30517.126
MinimumVisualStudioVersion = 10.0.40219.1
Project("{FAE04EC0-301F-11D3-BF4B-00C04F79EFBC}") = "eurodollar", "eurodollar\eurodollar.csproj", "{E21A7B07-CC91-498A-B34E-8C2B3EA45FE7}"
EndProject
Global
	GlobalSection(SolutionConfigurationPlatforms) = preSolution
		Debug|Any CPU = Debug|Any CPU
		Release|Any CPU = Release|Any CPU
	EndGlobalSection
	GlobalSection(ProjectConfigurationPlatforms) = postSolution
		{E21A7B07-CC91-498A-B34E-8C2B3EA45FE7}.Debug|Any CPU.ActiveCfg = Debug|Any CPU
		{E21A7B07-CC91-498A-B34E-8C2B3EA45FE7}.Debug|Any CPU.Build.0 = Debug|Any CPU
		{E21A7B07-CC91-498A-B34E-8C2B3EA45FE7}.Release|Any CPU.ActiveCfg = Release|Any CPU
		{E21A7B07-CC91-498A-B34E-8C2B3EA45FE7}.Release|Any CPU.Build.0 = Release|Any CPU
	EndGlobalSection
	GlobalSection(SolutionProperties) = preSolution
		HideSolutionNode = FALSE
	EndGlobalSection
	GlobalSection(ExtensibilityGlobals) = postSolution
		SolutionGuid = {EEA74DFD-CC72-4336-B327-EBB28B958501}
	EndGlobalSection
EndGlobal
